// !$*UTF8*$!
{
	archiveVersion = 1;
	classes = {
	};
	objectVersion = 50;
	objects = {

/* Begin PBXBuildFile section */
		034335FB2394C0EB0050306B /* WebViewController.m in Sources */ = {isa = PBXBuildFile; fileRef = 034335FA2394C0EB0050306B /* WebViewController.m */; };
		03A5885C2390BF19005112D6 /* CoreLocation.framework in Frameworks */ = {isa = PBXBuildFile; fileRef = 03A5885B2390BF19005112D6 /* CoreLocation.framework */; };
		03F92EF1238E0FB100C2575A /* AppDelegate.m in Sources */ = {isa = PBXBuildFile; fileRef = 03F92EF0238E0FB100C2575A /* AppDelegate.m */; };
		03F92EF4238E0FB100C2575A /* SceneDelegate.m in Sources */ = {isa = PBXBuildFile; fileRef = 03F92EF3238E0FB100C2575A /* SceneDelegate.m */; };
		03F92EF7238E0FB100C2575A /* ViewController.m in Sources */ = {isa = PBXBuildFile; fileRef = 03F92EF6238E0FB100C2575A /* ViewController.m */; };
		03F92EFA238E0FB100C2575A /* Main.storyboard in Resources */ = {isa = PBXBuildFile; fileRef = 03F92EF8238E0FB100C2575A /* Main.storyboard */; };
		03F92EFC238E0FB200C2575A /* Assets.xcassets in Resources */ = {isa = PBXBuildFile; fileRef = 03F92EFB238E0FB200C2575A /* Assets.xcassets */; };
		03F92EFF238E0FB300C2575A /* LaunchScreen.storyboard in Resources */ = {isa = PBXBuildFile; fileRef = 03F92EFD238E0FB300C2575A /* LaunchScreen.storyboard */; };
		03F92F02238E0FB300C2575A /* main.m in Sources */ = {isa = PBXBuildFile; fileRef = 03F92F01238E0FB300C2575A /* main.m */; };
		03F92F0C238E0FB300C2575A /* BlogMapAppTests.m in Sources */ = {isa = PBXBuildFile; fileRef = 03F92F0B238E0FB300C2575A /* BlogMapAppTests.m */; };
		03F92F17238E0FB300C2575A /* BlogMapAppUITests.m in Sources */ = {isa = PBXBuildFile; fileRef = 03F92F16238E0FB300C2575A /* BlogMapAppUITests.m */; };
		03F92F26238E1CF500C2575A /* BlogTableViewCell.m in Sources */ = {isa = PBXBuildFile; fileRef = 03F92F25238E1CF500C2575A /* BlogTableViewCell.m */; };
		03F92F35238EB75C00C2575A /* BlogViewController.m in Sources */ = {isa = PBXBuildFile; fileRef = 03F92F34238EB75C00C2575A /* BlogViewController.m */; };
		03F92F39238F579300C2575A /* Article.m in Sources */ = {isa = PBXBuildFile; fileRef = 03F92F38238F579300C2575A /* Article.m */; };
		03FE03B02390AC3400D438D8 /* MapViewController.m in Sources */ = {isa = PBXBuildFile; fileRef = 03FE03AF2390AC3400D438D8 /* MapViewController.m */; };
		3FCFDDF1349721B8E5BDBFFD /* libPods-BlogMapAppTests.a in Frameworks */ = {isa = PBXBuildFile; fileRef = 3BE4586E1E5FCCCDC5390468 /* libPods-BlogMapAppTests.a */; };
		9E4DF72920770E239436E680 /* libPods-BlogMapApp.a in Frameworks */ = {isa = PBXBuildFile; fileRef = 268B6A2CC0100CE32BBAE75D /* libPods-BlogMapApp.a */; };
		D2D38A555432106895431E81 /* libPods-BlogMapAppUITests.a in Frameworks */ = {isa = PBXBuildFile; fileRef = BF0AD32DC6D627BAEE9961DA /* libPods-BlogMapAppUITests.a */; };
/* End PBXBuildFile section */

/* Begin PBXContainerItemProxy section */
		03F92F08238E0FB300C2575A /* PBXContainerItemProxy */ = {
			isa = PBXContainerItemProxy;
			containerPortal = 03F92EE4238E0FB100C2575A /* Project object */;
			proxyType = 1;
			remoteGlobalIDString = 03F92EEB238E0FB100C2575A;
			remoteInfo = BlogMapApp;
		};
		03F92F13238E0FB300C2575A /* PBXContainerItemProxy */ = {
			isa = PBXContainerItemProxy;
			containerPortal = 03F92EE4238E0FB100C2575A /* Project object */;
			proxyType = 1;
			remoteGlobalIDString = 03F92EEB238E0FB100C2575A;
			remoteInfo = BlogMapApp;
		};
/* End PBXContainerItemProxy section */

/* Begin PBXFileReference section */
		034335F92394C0EB0050306B /* WebViewController.h */ = {isa = PBXFileReference; lastKnownFileType = sourcecode.c.h; path = WebViewController.h; sourceTree = "<group>"; };
		034335FA2394C0EB0050306B /* WebViewController.m */ = {isa = PBXFileReference; lastKnownFileType = sourcecode.c.objc; path = WebViewController.m; sourceTree = "<group>"; };
		03A5885B2390BF19005112D6 /* CoreLocation.framework */ = {isa = PBXFileReference; lastKnownFileType = wrapper.framework; name = CoreLocation.framework; path = System/Library/Frameworks/CoreLocation.framework; sourceTree = SDKROOT; };
		03F92EEC238E0FB100C2575A /* BlogMapApp.app */ = {isa = PBXFileReference; explicitFileType = wrapper.application; includeInIndex = 0; path = BlogMapApp.app; sourceTree = BUILT_PRODUCTS_DIR; };
		03F92EEF238E0FB100C2575A /* AppDelegate.h */ = {isa = PBXFileReference; lastKnownFileType = sourcecode.c.h; path = AppDelegate.h; sourceTree = "<group>"; };
		03F92EF0238E0FB100C2575A /* AppDelegate.m */ = {isa = PBXFileReference; lastKnownFileType = sourcecode.c.objc; path = AppDelegate.m; sourceTree = "<group>"; };
		03F92EF2238E0FB100C2575A /* SceneDelegate.h */ = {isa = PBXFileReference; lastKnownFileType = sourcecode.c.h; path = SceneDelegate.h; sourceTree = "<group>"; };
		03F92EF3238E0FB100C2575A /* SceneDelegate.m */ = {isa = PBXFileReference; lastKnownFileType = sourcecode.c.objc; path = SceneDelegate.m; sourceTree = "<group>"; };
		03F92EF5238E0FB100C2575A /* ViewController.h */ = {isa = PBXFileReference; lastKnownFileType = sourcecode.c.h; path = ViewController.h; sourceTree = "<group>"; };
		03F92EF6238E0FB100C2575A /* ViewController.m */ = {isa = PBXFileReference; lastKnownFileType = sourcecode.c.objc; path = ViewController.m; sourceTree = "<group>"; };
		03F92EF9238E0FB100C2575A /* Base */ = {isa = PBXFileReference; lastKnownFileType = file.storyboard; name = Base; path = Base.lproj/Main.storyboard; sourceTree = "<group>"; };
		03F92EFB238E0FB200C2575A /* Assets.xcassets */ = {isa = PBXFileReference; lastKnownFileType = folder.assetcatalog; path = Assets.xcassets; sourceTree = "<group>"; };
		03F92EFE238E0FB300C2575A /* Base */ = {isa = PBXFileReference; lastKnownFileType = file.storyboard; name = Base; path = Base.lproj/LaunchScreen.storyboard; sourceTree = "<group>"; };
		03F92F00238E0FB300C2575A /* Info.plist */ = {isa = PBXFileReference; lastKnownFileType = text.plist.xml; path = Info.plist; sourceTree = "<group>"; };
		03F92F01238E0FB300C2575A /* main.m */ = {isa = PBXFileReference; lastKnownFileType = sourcecode.c.objc; path = main.m; sourceTree = "<group>"; };
		03F92F07238E0FB300C2575A /* BlogMapAppTests.xctest */ = {isa = PBXFileReference; explicitFileType = wrapper.cfbundle; includeInIndex = 0; path = BlogMapAppTests.xctest; sourceTree = BUILT_PRODUCTS_DIR; };
		03F92F0B238E0FB300C2575A /* BlogMapAppTests.m */ = {isa = PBXFileReference; lastKnownFileType = sourcecode.c.objc; path = BlogMapAppTests.m; sourceTree = "<group>"; };
		03F92F0D238E0FB300C2575A /* Info.plist */ = {isa = PBXFileReference; lastKnownFileType = text.plist.xml; path = Info.plist; sourceTree = "<group>"; };
		03F92F12238E0FB300C2575A /* BlogMapAppUITests.xctest */ = {isa = PBXFileReference; explicitFileType = wrapper.cfbundle; includeInIndex = 0; path = BlogMapAppUITests.xctest; sourceTree = BUILT_PRODUCTS_DIR; };
		03F92F16238E0FB300C2575A /* BlogMapAppUITests.m */ = {isa = PBXFileReference; lastKnownFileType = sourcecode.c.objc; path = BlogMapAppUITests.m; sourceTree = "<group>"; };
		03F92F18238E0FB300C2575A /* Info.plist */ = {isa = PBXFileReference; lastKnownFileType = text.plist.xml; path = Info.plist; sourceTree = "<group>"; };
		03F92F24238E1CF500C2575A /* BlogTableViewCell.h */ = {isa = PBXFileReference; lastKnownFileType = sourcecode.c.h; path = BlogTableViewCell.h; sourceTree = "<group>"; };
		03F92F25238E1CF500C2575A /* BlogTableViewCell.m */ = {isa = PBXFileReference; lastKnownFileType = sourcecode.c.objc; path = BlogTableViewCell.m; sourceTree = "<group>"; };
		03F92F33238EB75C00C2575A /* BlogViewController.h */ = {isa = PBXFileReference; lastKnownFileType = sourcecode.c.h; path = BlogViewController.h; sourceTree = "<group>"; };
		03F92F34238EB75C00C2575A /* BlogViewController.m */ = {isa = PBXFileReference; lastKnownFileType = sourcecode.c.objc; path = BlogViewController.m; sourceTree = "<group>"; };
		03F92F37238F579300C2575A /* Article.h */ = {isa = PBXFileReference; lastKnownFileType = sourcecode.c.h; path = Article.h; sourceTree = "<group>"; };
		03F92F38238F579300C2575A /* Article.m */ = {isa = PBXFileReference; lastKnownFileType = sourcecode.c.objc; path = Article.m; sourceTree = "<group>"; };
		03FE03AE2390AC3400D438D8 /* MapViewController.h */ = {isa = PBXFileReference; lastKnownFileType = sourcecode.c.h; path = MapViewController.h; sourceTree = "<group>"; };
		03FE03AF2390AC3400D438D8 /* MapViewController.m */ = {isa = PBXFileReference; lastKnownFileType = sourcecode.c.objc; path = MapViewController.m; sourceTree = "<group>"; };
		080AEB9154FDEB15F6F4C170 /* Pods-BlogMapAppUITests.release.xcconfig */ = {isa = PBXFileReference; includeInIndex = 1; lastKnownFileType = text.xcconfig; name = "Pods-BlogMapAppUITests.release.xcconfig"; path = "Target Support Files/Pods-BlogMapAppUITests/Pods-BlogMapAppUITests.release.xcconfig"; sourceTree = "<group>"; };
		1B4F2B3DB57829DE9E5C8EEE /* Pods-BlogMapAppTests.debug.xcconfig */ = {isa = PBXFileReference; includeInIndex = 1; lastKnownFileType = text.xcconfig; name = "Pods-BlogMapAppTests.debug.xcconfig"; path = "Target Support Files/Pods-BlogMapAppTests/Pods-BlogMapAppTests.debug.xcconfig"; sourceTree = "<group>"; };
		268B6A2CC0100CE32BBAE75D /* libPods-BlogMapApp.a */ = {isa = PBXFileReference; explicitFileType = archive.ar; includeInIndex = 0; path = "libPods-BlogMapApp.a"; sourceTree = BUILT_PRODUCTS_DIR; };
		3BE4586E1E5FCCCDC5390468 /* libPods-BlogMapAppTests.a */ = {isa = PBXFileReference; explicitFileType = archive.ar; includeInIndex = 0; path = "libPods-BlogMapAppTests.a"; sourceTree = BUILT_PRODUCTS_DIR; };
		BF0AD32DC6D627BAEE9961DA /* libPods-BlogMapAppUITests.a */ = {isa = PBXFileReference; explicitFileType = archive.ar; includeInIndex = 0; path = "libPods-BlogMapAppUITests.a"; sourceTree = BUILT_PRODUCTS_DIR; };
		DDC323B034C4AEDABFED4A7F /* Pods-BlogMapAppUITests.debug.xcconfig */ = {isa = PBXFileReference; includeInIndex = 1; lastKnownFileType = text.xcconfig; name = "Pods-BlogMapAppUITests.debug.xcconfig"; path = "Target Support Files/Pods-BlogMapAppUITests/Pods-BlogMapAppUITests.debug.xcconfig"; sourceTree = "<group>"; };
		E4C7CBC1E91D667C3579115A /* Pods-BlogMapAppTests.release.xcconfig */ = {isa = PBXFileReference; includeInIndex = 1; lastKnownFileType = text.xcconfig; name = "Pods-BlogMapAppTests.release.xcconfig"; path = "Target Support Files/Pods-BlogMapAppTests/Pods-BlogMapAppTests.release.xcconfig"; sourceTree = "<group>"; };
		ED8501A22513EB1E24F77146 /* Pods-BlogMapApp.release.xcconfig */ = {isa = PBXFileReference; includeInIndex = 1; lastKnownFileType = text.xcconfig; name = "Pods-BlogMapApp.release.xcconfig"; path = "Target Support Files/Pods-BlogMapApp/Pods-BlogMapApp.release.xcconfig"; sourceTree = "<group>"; };
		FAD7F1221E94137EF526A65C /* Pods-BlogMapApp.debug.xcconfig */ = {isa = PBXFileReference; includeInIndex = 1; lastKnownFileType = text.xcconfig; name = "Pods-BlogMapApp.debug.xcconfig"; path = "Target Support Files/Pods-BlogMapApp/Pods-BlogMapApp.debug.xcconfig"; sourceTree = "<group>"; };
/* End PBXFileReference section */

/* Begin PBXFrameworksBuildPhase section */
		03F92EE9238E0FB100C2575A /* Frameworks */ = {
			isa = PBXFrameworksBuildPhase;
			buildActionMask = 2147483647;
			files = (
				03A5885C2390BF19005112D6 /* CoreLocation.framework in Frameworks */,
				9E4DF72920770E239436E680 /* libPods-BlogMapApp.a in Frameworks */,
			);
			runOnlyForDeploymentPostprocessing = 0;
		};
		03F92F04238E0FB300C2575A /* Frameworks */ = {
			isa = PBXFrameworksBuildPhase;
			buildActionMask = 2147483647;
			files = (
				3FCFDDF1349721B8E5BDBFFD /* libPods-BlogMapAppTests.a in Frameworks */,
			);
			runOnlyForDeploymentPostprocessing = 0;
		};
		03F92F0F238E0FB300C2575A /* Frameworks */ = {
			isa = PBXFrameworksBuildPhase;
			buildActionMask = 2147483647;
			files = (
				D2D38A555432106895431E81 /* libPods-BlogMapAppUITests.a in Frameworks */,
			);
			runOnlyForDeploymentPostprocessing = 0;
		};
/* End PBXFrameworksBuildPhase section */

/* Begin PBXGroup section */
		03F92EE3238E0FB100C2575A = {
			isa = PBXGroup;
			children = (
				03F92EEE238E0FB100C2575A /* BlogMapApp */,
				03F92F0A238E0FB300C2575A /* BlogMapAppTests */,
				03F92F15238E0FB300C2575A /* BlogMapAppUITests */,
				03F92EED238E0FB100C2575A /* Products */,
				330445E22A5684F814CAA28D /* Frameworks */,
				D987FF46DA9D72DF80FA8E32 /* Pods */,
			);
			sourceTree = "<group>";
		};
		03F92EED238E0FB100C2575A /* Products */ = {
			isa = PBXGroup;
			children = (
				03F92EEC238E0FB100C2575A /* BlogMapApp.app */,
				03F92F07238E0FB300C2575A /* BlogMapAppTests.xctest */,
				03F92F12238E0FB300C2575A /* BlogMapAppUITests.xctest */,
			);
			name = Products;
			sourceTree = "<group>";
		};
		03F92EEE238E0FB100C2575A /* BlogMapApp */ = {
			isa = PBXGroup;
			children = (
				03F92EEF238E0FB100C2575A /* AppDelegate.h */,
				03F92EF0238E0FB100C2575A /* AppDelegate.m */,
				03FE03AD2390ABB200D438D8 /* View */,
				03FE03AC2390AB9A00D438D8 /* ViewController */,
				03F92F36238F577A00C2575A /* Model */,
				03F92EFB238E0FB200C2575A /* Assets.xcassets */,
				03F92F00238E0FB300C2575A /* Info.plist */,
				03F92F01238E0FB300C2575A /* main.m */,
				03F92F24238E1CF500C2575A /* BlogTableViewCell.h */,
				03F92F25238E1CF500C2575A /* BlogTableViewCell.m */,
			);
			path = BlogMapApp;
			sourceTree = "<group>";
		};
		03F92F0A238E0FB300C2575A /* BlogMapAppTests */ = {
			isa = PBXGroup;
			children = (
				03F92F0B238E0FB300C2575A /* BlogMapAppTests.m */,
				03F92F0D238E0FB300C2575A /* Info.plist */,
			);
			path = BlogMapAppTests;
			sourceTree = "<group>";
		};
		03F92F15238E0FB300C2575A /* BlogMapAppUITests */ = {
			isa = PBXGroup;
			children = (
				03F92F16238E0FB300C2575A /* BlogMapAppUITests.m */,
				03F92F18238E0FB300C2575A /* Info.plist */,
			);
			path = BlogMapAppUITests;
			sourceTree = "<group>";
		};
		03F92F36238F577A00C2575A /* Model */ = {
			isa = PBXGroup;
			children = (
				03F92F37238F579300C2575A /* Article.h */,
				03F92F38238F579300C2575A /* Article.m */,
			);
			path = Model;
			sourceTree = "<group>";
		};
		03FE03AC2390AB9A00D438D8 /* ViewController */ = {
			isa = PBXGroup;
			children = (
				03F92F33238EB75C00C2575A /* BlogViewController.h */,
				03F92F34238EB75C00C2575A /* BlogViewController.m */,
				03F92EF2238E0FB100C2575A /* SceneDelegate.h */,
				03F92EF3238E0FB100C2575A /* SceneDelegate.m */,
				03F92EF5238E0FB100C2575A /* ViewController.h */,
				03F92EF6238E0FB100C2575A /* ViewController.m */,
				03FE03AE2390AC3400D438D8 /* MapViewController.h */,
				03FE03AF2390AC3400D438D8 /* MapViewController.m */,
				034335F92394C0EB0050306B /* WebViewController.h */,
				034335FA2394C0EB0050306B /* WebViewController.m */,
			);
			path = ViewController;
			sourceTree = "<group>";
		};
		03FE03AD2390ABB200D438D8 /* View */ = {
			isa = PBXGroup;
			children = (
				03F92EFD238E0FB300C2575A /* LaunchScreen.storyboard */,
				03F92EF8238E0FB100C2575A /* Main.storyboard */,
			);
			path = View;
			sourceTree = "<group>";
		};
		330445E22A5684F814CAA28D /* Frameworks */ = {
			isa = PBXGroup;
			children = (
				03A5885B2390BF19005112D6 /* CoreLocation.framework */,
				268B6A2CC0100CE32BBAE75D /* libPods-BlogMapApp.a */,
				3BE4586E1E5FCCCDC5390468 /* libPods-BlogMapAppTests.a */,
				BF0AD32DC6D627BAEE9961DA /* libPods-BlogMapAppUITests.a */,
			);
			name = Frameworks;
			sourceTree = "<group>";
		};
		D987FF46DA9D72DF80FA8E32 /* Pods */ = {
			isa = PBXGroup;
			children = (
				FAD7F1221E94137EF526A65C /* Pods-BlogMapApp.debug.xcconfig */,
				ED8501A22513EB1E24F77146 /* Pods-BlogMapApp.release.xcconfig */,
				1B4F2B3DB57829DE9E5C8EEE /* Pods-BlogMapAppTests.debug.xcconfig */,
				E4C7CBC1E91D667C3579115A /* Pods-BlogMapAppTests.release.xcconfig */,
				DDC323B034C4AEDABFED4A7F /* Pods-BlogMapAppUITests.debug.xcconfig */,
				080AEB9154FDEB15F6F4C170 /* Pods-BlogMapAppUITests.release.xcconfig */,
			);
			path = Pods;
			sourceTree = "<group>";
		};
/* End PBXGroup section */

/* Begin PBXNativeTarget section */
		03F92EEB238E0FB100C2575A /* BlogMapApp */ = {
			isa = PBXNativeTarget;
			buildConfigurationList = 03F92F1B238E0FB300C2575A /* Build configuration list for PBXNativeTarget "BlogMapApp" */;
			buildPhases = (
				16A902729CC386F6B80EB452 /* [CP] Check Pods Manifest.lock */,
				03F92EE8238E0FB100C2575A /* Sources */,
				03F92EE9238E0FB100C2575A /* Frameworks */,
				03F92EEA238E0FB100C2575A /* Resources */,
				77FB3F2E655E9DA64C45AD5E /* [CP] Copy Pods Resources */,
			);
			buildRules = (
			);
			dependencies = (
			);
			name = BlogMapApp;
			productName = BlogMapApp;
			productReference = 03F92EEC238E0FB100C2575A /* BlogMapApp.app */;
			productType = "com.apple.product-type.application";
		};
		03F92F06238E0FB300C2575A /* BlogMapAppTests */ = {
			isa = PBXNativeTarget;
			buildConfigurationList = 03F92F1E238E0FB300C2575A /* Build configuration list for PBXNativeTarget "BlogMapAppTests" */;
			buildPhases = (
				0609504CBCF6FDEB7918E088 /* [CP] Check Pods Manifest.lock */,
				03F92F03238E0FB300C2575A /* Sources */,
				03F92F04238E0FB300C2575A /* Frameworks */,
				03F92F05238E0FB300C2575A /* Resources */,
			);
			buildRules = (
			);
			dependencies = (
				03F92F09238E0FB300C2575A /* PBXTargetDependency */,
			);
			name = BlogMapAppTests;
			productName = BlogMapAppTests;
			productReference = 03F92F07238E0FB300C2575A /* BlogMapAppTests.xctest */;
			productType = "com.apple.product-type.bundle.unit-test";
		};
		03F92F11238E0FB300C2575A /* BlogMapAppUITests */ = {
			isa = PBXNativeTarget;
			buildConfigurationList = 03F92F21238E0FB300C2575A /* Build configuration list for PBXNativeTarget "BlogMapAppUITests" */;
			buildPhases = (
				E54D391E8DF1AD1F8D4FF88C /* [CP] Check Pods Manifest.lock */,
				03F92F0E238E0FB300C2575A /* Sources */,
				03F92F0F238E0FB300C2575A /* Frameworks */,
				03F92F10238E0FB300C2575A /* Resources */,
			);
			buildRules = (
			);
			dependencies = (
				03F92F14238E0FB300C2575A /* PBXTargetDependency */,
			);
			name = BlogMapAppUITests;
			productName = BlogMapAppUITests;
			productReference = 03F92F12238E0FB300C2575A /* BlogMapAppUITests.xctest */;
			productType = "com.apple.product-type.bundle.ui-testing";
		};
/* End PBXNativeTarget section */

/* Begin PBXProject section */
		03F92EE4238E0FB100C2575A /* Project object */ = {
			isa = PBXProject;
			attributes = {
				LastUpgradeCheck = 1120;
				ORGANIZATIONNAME = Janice;
				TargetAttributes = {
					03F92EEB238E0FB100C2575A = {
						CreatedOnToolsVersion = 11.2;
					};
					03F92F06238E0FB300C2575A = {
						CreatedOnToolsVersion = 11.2;
						TestTargetID = 03F92EEB238E0FB100C2575A;
					};
					03F92F11238E0FB300C2575A = {
						CreatedOnToolsVersion = 11.2;
						TestTargetID = 03F92EEB238E0FB100C2575A;
					};
				};
			};
			buildConfigurationList = 03F92EE7238E0FB100C2575A /* Build configuration list for PBXProject "BlogMapApp" */;
			compatibilityVersion = "Xcode 9.3";
			developmentRegion = en;
			hasScannedForEncodings = 0;
			knownRegions = (
				en,
				Base,
			);
			mainGroup = 03F92EE3238E0FB100C2575A;
			productRefGroup = 03F92EED238E0FB100C2575A /* Products */;
			projectDirPath = "";
			projectRoot = "";
			targets = (
				03F92EEB238E0FB100C2575A /* BlogMapApp */,
				03F92F06238E0FB300C2575A /* BlogMapAppTests */,
				03F92F11238E0FB300C2575A /* BlogMapAppUITests */,
			);
		};
/* End PBXProject section */

/* Begin PBXResourcesBuildPhase section */
		03F92EEA238E0FB100C2575A /* Resources */ = {
			isa = PBXResourcesBuildPhase;
			buildActionMask = 2147483647;
			files = (
				03F92EFF238E0FB300C2575A /* LaunchScreen.storyboard in Resources */,
				03F92EFC238E0FB200C2575A /* Assets.xcassets in Resources */,
				03F92EFA238E0FB100C2575A /* Main.storyboard in Resources */,
			);
			runOnlyForDeploymentPostprocessing = 0;
		};
		03F92F05238E0FB300C2575A /* Resources */ = {
			isa = PBXResourcesBuildPhase;
			buildActionMask = 2147483647;
			files = (
			);
			runOnlyForDeploymentPostprocessing = 0;
		};
		03F92F10238E0FB300C2575A /* Resources */ = {
			isa = PBXResourcesBuildPhase;
			buildActionMask = 2147483647;
			files = (
			);
			runOnlyForDeploymentPostprocessing = 0;
		};
/* End PBXResourcesBuildPhase section */

/* Begin PBXShellScriptBuildPhase section */
		0609504CBCF6FDEB7918E088 /* [CP] Check Pods Manifest.lock */ = {
			isa = PBXShellScriptBuildPhase;
			buildActionMask = 2147483647;
			files = (
			);
			inputFileListPaths = (
			);
			inputPaths = (
				"${PODS_PODFILE_DIR_PATH}/Podfile.lock",
				"${PODS_ROOT}/Manifest.lock",
			);
			name = "[CP] Check Pods Manifest.lock";
			outputFileListPaths = (
			);
			outputPaths = (
				"$(DERIVED_FILE_DIR)/Pods-BlogMapAppTests-checkManifestLockResult.txt",
			);
			runOnlyForDeploymentPostprocessing = 0;
			shellPath = /bin/sh;
			shellScript = "diff \"${PODS_PODFILE_DIR_PATH}/Podfile.lock\" \"${PODS_ROOT}/Manifest.lock\" > /dev/null\nif [ $? != 0 ] ; then\n    # print error to STDERR\n    echo \"error: The sandbox is not in sync with the Podfile.lock. Run 'pod install' or update your CocoaPods installation.\" >&2\n    exit 1\nfi\n# This output is used by Xcode 'outputs' to avoid re-running this script phase.\necho \"SUCCESS\" > \"${SCRIPT_OUTPUT_FILE_0}\"\n";
			showEnvVarsInLog = 0;
		};
		16A902729CC386F6B80EB452 /* [CP] Check Pods Manifest.lock */ = {
			isa = PBXShellScriptBuildPhase;
			buildActionMask = 2147483647;
			files = (
			);
			inputFileListPaths = (
			);
			inputPaths = (
				"${PODS_PODFILE_DIR_PATH}/Podfile.lock",
				"${PODS_ROOT}/Manifest.lock",
			);
			name = "[CP] Check Pods Manifest.lock";
			outputFileListPaths = (
			);
			outputPaths = (
				"$(DERIVED_FILE_DIR)/Pods-BlogMapApp-checkManifestLockResult.txt",
			);
			runOnlyForDeploymentPostprocessing = 0;
			shellPath = /bin/sh;
			shellScript = "diff \"${PODS_PODFILE_DIR_PATH}/Podfile.lock\" \"${PODS_ROOT}/Manifest.lock\" > /dev/null\nif [ $? != 0 ] ; then\n    # print error to STDERR\n    echo \"error: The sandbox is not in sync with the Podfile.lock. Run 'pod install' or update your CocoaPods installation.\" >&2\n    exit 1\nfi\n# This output is used by Xcode 'outputs' to avoid re-running this script phase.\necho \"SUCCESS\" > \"${SCRIPT_OUTPUT_FILE_0}\"\n";
			showEnvVarsInLog = 0;
		};
		77FB3F2E655E9DA64C45AD5E /* [CP] Copy Pods Resources */ = {
			isa = PBXShellScriptBuildPhase;
			buildActionMask = 2147483647;
			files = (
			);
			inputFileListPaths = (
			);
			inputPaths = (
				"${PODS_ROOT}/Target Support Files/Pods-BlogMapApp/Pods-BlogMapApp-resources.sh",
				"${PODS_ROOT}/GoogleMaps/Maps/Frameworks/GoogleMaps.framework/Resources/GoogleMaps.bundle",
			);
			name = "[CP] Copy Pods Resources";
			outputFileListPaths = (
			);
			outputPaths = (
				"${TARGET_BUILD_DIR}/${UNLOCALIZED_RESOURCES_FOLDER_PATH}/GoogleMaps.bundle",
			);
			runOnlyForDeploymentPostprocessing = 0;
			shellPath = /bin/sh;
			shellScript = "\"${PODS_ROOT}/Target Support Files/Pods-BlogMapApp/Pods-BlogMapApp-resources.sh\"\n";
			showEnvVarsInLog = 0;
		};
		E54D391E8DF1AD1F8D4FF88C /* [CP] Check Pods Manifest.lock */ = {
			isa = PBXShellScriptBuildPhase;
			buildActionMask = 2147483647;
			files = (
			);
			inputFileListPaths = (
			);
			inputPaths = (
				"${PODS_PODFILE_DIR_PATH}/Podfile.lock",
				"${PODS_ROOT}/Manifest.lock",
			);
			name = "[CP] Check Pods Manifest.lock";
			outputFileListPaths = (
			);
			outputPaths = (
				"$(DERIVED_FILE_DIR)/Pods-BlogMapAppUITests-checkManifestLockResult.txt",
			);
			runOnlyForDeploymentPostprocessing = 0;
			shellPath = /bin/sh;
			shellScript = "diff \"${PODS_PODFILE_DIR_PATH}/Podfile.lock\" \"${PODS_ROOT}/Manifest.lock\" > /dev/null\nif [ $? != 0 ] ; then\n    # print error to STDERR\n    echo \"error: The sandbox is not in sync with the Podfile.lock. Run 'pod install' or update your CocoaPods installation.\" >&2\n    exit 1\nfi\n# This output is used by Xcode 'outputs' to avoid re-running this script phase.\necho \"SUCCESS\" > \"${SCRIPT_OUTPUT_FILE_0}\"\n";
			showEnvVarsInLog = 0;
		};
/* End PBXShellScriptBuildPhase section */

/* Begin PBXSourcesBuildPhase section */
		03F92EE8238E0FB100C2575A /* Sources */ = {
			isa = PBXSourcesBuildPhase;
			buildActionMask = 2147483647;
			files = (
				03F92F39238F579300C2575A /* Article.m in Sources */,
				03F92EF7238E0FB100C2575A /* ViewController.m in Sources */,
				03F92F35238EB75C00C2575A /* BlogViewController.m in Sources */,
				03FE03B02390AC3400D438D8 /* MapViewController.m in Sources */,
				034335FB2394C0EB0050306B /* WebViewController.m in Sources */,
				03F92F26238E1CF500C2575A /* BlogTableViewCell.m in Sources */,
				03F92EF1238E0FB100C2575A /* AppDelegate.m in Sources */,
				03F92F02238E0FB300C2575A /* main.m in Sources */,
				03F92EF4238E0FB100C2575A /* SceneDelegate.m in Sources */,
			);
			runOnlyForDeploymentPostprocessing = 0;
		};
		03F92F03238E0FB300C2575A /* Sources */ = {
			isa = PBXSourcesBuildPhase;
			buildActionMask = 2147483647;
			files = (
				03F92F0C238E0FB300C2575A /* BlogMapAppTests.m in Sources */,
			);
			runOnlyForDeploymentPostprocessing = 0;
		};
		03F92F0E238E0FB300C2575A /* Sources */ = {
			isa = PBXSourcesBuildPhase;
			buildActionMask = 2147483647;
			files = (
				03F92F17238E0FB300C2575A /* BlogMapAppUITests.m in Sources */,
			);
			runOnlyForDeploymentPostprocessing = 0;
		};
/* End PBXSourcesBuildPhase section */

/* Begin PBXTargetDependency section */
		03F92F09238E0FB300C2575A /* PBXTargetDependency */ = {
			isa = PBXTargetDependency;
			target = 03F92EEB238E0FB100C2575A /* BlogMapApp */;
			targetProxy = 03F92F08238E0FB300C2575A /* PBXContainerItemProxy */;
		};
		03F92F14238E0FB300C2575A /* PBXTargetDependency */ = {
			isa = PBXTargetDependency;
			target = 03F92EEB238E0FB100C2575A /* BlogMapApp */;
			targetProxy = 03F92F13238E0FB300C2575A /* PBXContainerItemProxy */;
		};
/* End PBXTargetDependency section */

/* Begin PBXVariantGroup section */
		03F92EF8238E0FB100C2575A /* Main.storyboard */ = {
			isa = PBXVariantGroup;
			children = (
				03F92EF9238E0FB100C2575A /* Base */,
			);
			name = Main.storyboard;
			sourceTree = "<group>";
		};
		03F92EFD238E0FB300C2575A /* LaunchScreen.storyboard */ = {
			isa = PBXVariantGroup;
			children = (
				03F92EFE238E0FB300C2575A /* Base */,
			);
			name = LaunchScreen.storyboard;
			sourceTree = "<group>";
		};
/* End PBXVariantGroup section */

/* Begin XCBuildConfiguration section */
		03F92F19238E0FB300C2575A /* Debug */ = {
			isa = XCBuildConfiguration;
			buildSettings = {
				ALWAYS_SEARCH_USER_PATHS = NO;
				CLANG_ANALYZER_NONNULL = YES;
				CLANG_ANALYZER_NUMBER_OBJECT_CONVERSION = YES_AGGRESSIVE;
				CLANG_CXX_LANGUAGE_STANDARD = "gnu++14";
				CLANG_CXX_LIBRARY = "libc++";
				CLANG_ENABLE_MODULES = YES;
				CLANG_ENABLE_OBJC_ARC = YES;
				CLANG_ENABLE_OBJC_WEAK = YES;
				CLANG_WARN_BLOCK_CAPTURE_AUTORELEASING = YES;
				CLANG_WARN_BOOL_CONVERSION = YES;
				CLANG_WARN_COMMA = YES;
				CLANG_WARN_CONSTANT_CONVERSION = YES;
				CLANG_WARN_DEPRECATED_OBJC_IMPLEMENTATIONS = YES;
				CLANG_WARN_DIRECT_OBJC_ISA_USAGE = YES_ERROR;
				CLANG_WARN_DOCUMENTATION_COMMENTS = YES;
				CLANG_WARN_EMPTY_BODY = YES;
				CLANG_WARN_ENUM_CONVERSION = YES;
				CLANG_WARN_INFINITE_RECURSION = YES;
				CLANG_WARN_INT_CONVERSION = YES;
				CLANG_WARN_NON_LITERAL_NULL_CONVERSION = YES;
				CLANG_WARN_OBJC_IMPLICIT_RETAIN_SELF = YES;
				CLANG_WARN_OBJC_LITERAL_CONVERSION = YES;
				CLANG_WARN_OBJC_ROOT_CLASS = YES_ERROR;
				CLANG_WARN_RANGE_LOOP_ANALYSIS = YES;
				CLANG_WARN_STRICT_PROTOTYPES = YES;
				CLANG_WARN_SUSPICIOUS_MOVE = YES;
				CLANG_WARN_UNGUARDED_AVAILABILITY = YES_AGGRESSIVE;
				CLANG_WARN_UNREACHABLE_CODE = YES;
				CLANG_WARN__DUPLICATE_METHOD_MATCH = YES;
				COPY_PHASE_STRIP = NO;
				DEBUG_INFORMATION_FORMAT = dwarf;
				ENABLE_STRICT_OBJC_MSGSEND = YES;
				ENABLE_TESTABILITY = YES;
				GCC_C_LANGUAGE_STANDARD = gnu11;
				GCC_DYNAMIC_NO_PIC = NO;
				GCC_NO_COMMON_BLOCKS = YES;
				GCC_OPTIMIZATION_LEVEL = 0;
				GCC_PREPROCESSOR_DEFINITIONS = (
					"DEBUG=1",
					"$(inherited)",
				);
				GCC_WARN_64_TO_32_BIT_CONVERSION = YES;
				GCC_WARN_ABOUT_RETURN_TYPE = YES_ERROR;
				GCC_WARN_UNDECLARED_SELECTOR = YES;
				GCC_WARN_UNINITIALIZED_AUTOS = YES_AGGRESSIVE;
				GCC_WARN_UNUSED_FUNCTION = YES;
				GCC_WARN_UNUSED_VARIABLE = YES;
				IPHONEOS_DEPLOYMENT_TARGET = 13.2;
				MTL_ENABLE_DEBUG_INFO = INCLUDE_SOURCE;
				MTL_FAST_MATH = YES;
				ONLY_ACTIVE_ARCH = YES;
				SDKROOT = iphoneos;
			};
			name = Debug;
		};
		03F92F1A238E0FB300C2575A /* Release */ = {
			isa = XCBuildConfiguration;
			buildSettings = {
				ALWAYS_SEARCH_USER_PATHS = NO;
				CLANG_ANALYZER_NONNULL = YES;
				CLANG_ANALYZER_NUMBER_OBJECT_CONVERSION = YES_AGGRESSIVE;
				CLANG_CXX_LANGUAGE_STANDARD = "gnu++14";
				CLANG_CXX_LIBRARY = "libc++";
				CLANG_ENABLE_MODULES = YES;
				CLANG_ENABLE_OBJC_ARC = YES;
				CLANG_ENABLE_OBJC_WEAK = YES;
				CLANG_WARN_BLOCK_CAPTURE_AUTORELEASING = YES;
				CLANG_WARN_BOOL_CONVERSION = YES;
				CLANG_WARN_COMMA = YES;
				CLANG_WARN_CONSTANT_CONVERSION = YES;
				CLANG_WARN_DEPRECATED_OBJC_IMPLEMENTATIONS = YES;
				CLANG_WARN_DIRECT_OBJC_ISA_USAGE = YES_ERROR;
				CLANG_WARN_DOCUMENTATION_COMMENTS = YES;
				CLANG_WARN_EMPTY_BODY = YES;
				CLANG_WARN_ENUM_CONVERSION = YES;
				CLANG_WARN_INFINITE_RECURSION = YES;
				CLANG_WARN_INT_CONVERSION = YES;
				CLANG_WARN_NON_LITERAL_NULL_CONVERSION = YES;
				CLANG_WARN_OBJC_IMPLICIT_RETAIN_SELF = YES;
				CLANG_WARN_OBJC_LITERAL_CONVERSION = YES;
				CLANG_WARN_OBJC_ROOT_CLASS = YES_ERROR;
				CLANG_WARN_RANGE_LOOP_ANALYSIS = YES;
				CLANG_WARN_STRICT_PROTOTYPES = YES;
				CLANG_WARN_SUSPICIOUS_MOVE = YES;
				CLANG_WARN_UNGUARDED_AVAILABILITY = YES_AGGRESSIVE;
				CLANG_WARN_UNREACHABLE_CODE = YES;
				CLANG_WARN__DUPLICATE_METHOD_MATCH = YES;
				COPY_PHASE_STRIP = NO;
				DEBUG_INFORMATION_FORMAT = "dwarf-with-dsym";
				ENABLE_NS_ASSERTIONS = NO;
				ENABLE_STRICT_OBJC_MSGSEND = YES;
				GCC_C_LANGUAGE_STANDARD = gnu11;
				GCC_NO_COMMON_BLOCKS = YES;
				GCC_WARN_64_TO_32_BIT_CONVERSION = YES;
				GCC_WARN_ABOUT_RETURN_TYPE = YES_ERROR;
				GCC_WARN_UNDECLARED_SELECTOR = YES;
				GCC_WARN_UNINITIALIZED_AUTOS = YES_AGGRESSIVE;
				GCC_WARN_UNUSED_FUNCTION = YES;
				GCC_WARN_UNUSED_VARIABLE = YES;
				IPHONEOS_DEPLOYMENT_TARGET = 13.2;
				MTL_ENABLE_DEBUG_INFO = NO;
				MTL_FAST_MATH = YES;
				ONLY_ACTIVE_ARCH = NO;
				SDKROOT = iphoneos;
				VALIDATE_PRODUCT = YES;
			};
			name = Release;
		};
		03F92F1C238E0FB300C2575A /* Debug */ = {
			isa = XCBuildConfiguration;
			baseConfigurationReference = FAD7F1221E94137EF526A65C /* Pods-BlogMapApp.debug.xcconfig */;
			buildSettings = {
				ASSETCATALOG_COMPILER_APPICON_NAME = AppIcon;
				CODE_SIGN_STYLE = Automatic;
				INFOPLIST_FILE = BlogMapApp/Info.plist;
				LD_RUNPATH_SEARCH_PATHS = (
					"$(inherited)",
					"@executable_path/Frameworks",
				);
				PRODUCT_BUNDLE_IDENTIFIER = com.BlogMapApp;
				PRODUCT_NAME = "$(TARGET_NAME)";
				TARGETED_DEVICE_FAMILY = "1,2";
			};
			name = Debug;
		};
		03F92F1D238E0FB300C2575A /* Release */ = {
			isa = XCBuildConfiguration;
			baseConfigurationReference = ED8501A22513EB1E24F77146 /* Pods-BlogMapApp.release.xcconfig */;
			buildSettings = {
				ASSETCATALOG_COMPILER_APPICON_NAME = AppIcon;
				CODE_SIGN_STYLE = Automatic;
				INFOPLIST_FILE = BlogMapApp/Info.plist;
				LD_RUNPATH_SEARCH_PATHS = (
					"$(inherited)",
					"@executable_path/Frameworks",
				);
				PRODUCT_BUNDLE_IDENTIFIER = com.BlogMapApp;
				PRODUCT_NAME = "$(TARGET_NAME)";
				TARGETED_DEVICE_FAMILY = "1,2";
			};
			name = Release;
		};
		03F92F1F238E0FB300C2575A /* Debug */ = {
			isa = XCBuildConfiguration;
			baseConfigurationReference = 1B4F2B3DB57829DE9E5C8EEE /* Pods-BlogMapAppTests.debug.xcconfig */;
			buildSettings = {
				BUNDLE_LOADER = "$(TEST_HOST)";
				CODE_SIGN_STYLE = Automatic;
				INFOPLIST_FILE = BlogMapAppTests/Info.plist;
				IPHONEOS_DEPLOYMENT_TARGET = 13.2;
				LD_RUNPATH_SEARCH_PATHS = (
					"$(inherited)",
					"@executable_path/Frameworks",
					"@loader_path/Frameworks",
				);
				PRODUCT_BUNDLE_IDENTIFIER = com.BlogMapAppTests;
				PRODUCT_NAME = "$(TARGET_NAME)";
				TARGETED_DEVICE_FAMILY = "1,2";
				TEST_HOST = "$(BUILT_PRODUCTS_DIR)/BlogMapApp.app/BlogMapApp";
			};
			name = Debug;
		};
		03F92F20238E0FB300C2575A /* Release */ = {
			isa = XCBuildConfiguration;
			baseConfigurationReference = E4C7CBC1E91D667C3579115A /* Pods-BlogMapAppTests.release.xcconfig */;
			buildSettings = {
				BUNDLE_LOADER = "$(TEST_HOST)";
				CODE_SIGN_STYLE = Automatic;
				INFOPLIST_FILE = BlogMapAppTests/Info.plist;
				IPHONEOS_DEPLOYMENT_TARGET = 13.2;
				LD_RUNPATH_SEARCH_PATHS = (
					"$(inherited)",
					"@executable_path/Frameworks",
					"@loader_path/Frameworks",
				);
				PRODUCT_BUNDLE_IDENTIFIER = com.BlogMapAppTests;
				PRODUCT_NAME = "$(TARGET_NAME)";
				TARGETED_DEVICE_FAMILY = "1,2";
				TEST_HOST = "$(BUILT_PRODUCTS_DIR)/BlogMapApp.app/BlogMapApp";
			};
			name = Release;
		};
		03F92F22238E0FB300C2575A /* Debug */ = {
			isa = XCBuildConfiguration;
			baseConfigurationReference = DDC323B034C4AEDABFED4A7F /* Pods-BlogMapAppUITests.debug.xcconfig */;
			buildSettings = {
				CODE_SIGN_STYLE = Automatic;
				INFOPLIST_FILE = BlogMapAppUITests/Info.plist;
				LD_RUNPATH_SEARCH_PATHS = (
					"$(inherited)",
					"@executable_path/Frameworks",
					"@loader_path/Frameworks",
				);
				PRODUCT_BUNDLE_IDENTIFIER = com.BlogMapAppUITests;
				PRODUCT_NAME = "$(TARGET_NAME)";
				TARGETED_DEVICE_FAMILY = "1,2";
				TEST_TARGET_NAME = BlogMapApp;
			};
			name = Debug;
		};
		03F92F23238E0FB300C2575A /* Release */ = {
			isa = XCBuildConfiguration;
			baseConfigurationReference = 080AEB9154FDEB15F6F4C170 /* Pods-BlogMapAppUITests.release.xcconfig */;
			buildSettings = {
				CODE_SIGN_STYLE = Automatic;
				INFOPLIST_FILE = BlogMapAppUITests/Info.plist;
				LD_RUNPATH_SEARCH_PATHS = (
					"$(inherited)",
					"@executable_path/Frameworks",
					"@loader_path/Frameworks",
				);
				PRODUCT_BUNDLE_IDENTIFIER = com.BlogMapAppUITests;
				PRODUCT_NAME = "$(TARGET_NAME)";
				TARGETED_DEVICE_FAMILY = "1,2";
				TEST_TARGET_NAME = BlogMapApp;
			};
			name = Release;
		};
/* End XCBuildConfiguration section */

/* Begin XCConfigurationList section */
		03F92EE7238E0FB100C2575A /* Build configuration list for PBXProject "BlogMapApp" */ = {
			isa = XCConfigurationList;
			buildConfigurations = (
				03F92F19238E0FB300C2575A /* Debug */,
				03F92F1A238E0FB300C2575A /* Release */,
			);
			defaultConfigurationIsVisible = 0;
			defaultConfigurationName = Release;
		};
		03F92F1B238E0FB300C2575A /* Build configuration list for PBXNativeTarget "BlogMapApp" */ = {
			isa = XCConfigurationList;
			buildConfigurations = (
				03F92F1C238E0FB300C2575A /* Debug */,
				03F92F1D238E0FB300C2575A /* Release */,
			);
			defaultConfigurationIsVisible = 0;
			defaultConfigurationName = Release;
		};
		03F92F1E238E0FB300C2575A /* Build configuration list for PBXNativeTarget "BlogMapAppTests" */ = {
			isa = XCConfigurationList;
			buildConfigurations = (
				03F92F1F238E0FB300C2575A /* Debug */,
				03F92F20238E0FB300C2575A /* Release */,
			);
			defaultConfigurationIsVisible = 0;
			defaultConfigurationName = Release;
		};
		03F92F21238E0FB300C2575A /* Build configuration list for PBXNativeTarget "BlogMapAppUITests" */ = {
			isa = XCConfigurationList;
			buildConfigurations = (
				03F92F22238E0FB300C2575A /* Debug */,
				03F92F23238E0FB300C2575A /* Release */,
			);
			defaultConfigurationIsVisible = 0;
			defaultConfigurationName = Release;
		};
/* End XCConfigurationList section */
	};
	rootObject = 03F92EE4238E0FB100C2575A /* Project object */;
}
